
Microsoft Visual Studio Solution File, Format Version 12.00
# Visual Studio Version 16
VisualStudioVersion = 16.0.30804.86
MinimumVisualStudioVersion = 10.0.40219.1
Project("{FAE04EC0-301F-11D3-BF4B-00C04F79EFBC}") = "QueryAnalyzer", "QueryAnalyzer\QueryAnalyzer.csproj", "{B363B2D6-A56C-4A0D-A148-E5E8507951C0}"
EndProject
Global
	GlobalSection(SolutionConfigurationPlatforms) = preSolution
		Debug|Any CPU = Debug|Any CPU
		Release|Any CPU = Release|Any CPU
	EndGlobalSection
	GlobalSection(ProjectConfigurationPlatforms) = postSolution
		{B363B2D6-A56C-4A0D-A148-E5E8507951C0}.Debug|Any CPU.ActiveCfg = Debug|Any CPU
		{B363B2D6-A56C-4A0D-A148-E5E8507951C0}.Debug|Any CPU.Build.0 = Debug|Any CPU
		{B363B2D6-A56C-4A0D-A148-E5E8507951C0}.Release|Any CPU.ActiveCfg = Release|Any CPU
		{B363B2D6-A56C-4A0D-A148-E5E8507951C0}.Release|Any CPU.Build.0 = Release|Any CPU
	EndGlobalSection
	GlobalSection(SolutionProperties) = preSolution
		HideSolutionNode = FALSE
	EndGlobalSection
	GlobalSection(ExtensibilityGlobals) = postSolution
		SolutionGuid = {306161C3-35E6-4FCA-B3CF-B3658111FBDE}
	EndGlobalSection
EndGlobal
